
Microsoft Visual Studio Solution File, Format Version 12.00
# Visual Studio 2013
VisualStudioVersion = 12.0.30501.0
MinimumVisualStudioVersion = 10.0.40219.1
Project("{FAE04EC0-301F-11D3-BF4B-00C04F79EFBC}") = "Finance", "Finance\Finance.csproj", "{315C6EF6-BC30-4874-9E7B-43BA4E426D7D}"
EndProject
Project("{FAE04EC0-301F-11D3-BF4B-00C04F79EFBC}") = "Finance.Tests", "Finance.Tests\Finance.Tests.csproj", "{368F8C11-C3E3-4505-8458-6BF37EEEF75E}"
EndProject
Global
	GlobalSection(SolutionConfigurationPlatforms) = preSolution
		Debug|Any CPU = Debug|Any CPU
		Release|Any CPU = Release|Any CPU
	EndGlobalSection
	GlobalSection(ProjectConfigurationPlatforms) = postSolution
		{315C6EF6-BC30-4874-9E7B-43BA4E426D7D}.Debug|Any CPU.ActiveCfg = Debug|Any CPU
		{315C6EF6-BC30-4874-9E7B-43BA4E426D7D}.Debug|Any CPU.Build.0 = Debug|Any CPU
		{315C6EF6-BC30-4874-9E7B-43BA4E426D7D}.Release|Any CPU.ActiveCfg = Release|Any CPU
		{315C6EF6-BC30-4874-9E7B-43BA4E426D7D}.Release|Any CPU.Build.0 = Release|Any CPU
		{368F8C11-C3E3-4505-8458-6BF37EEEF75E}.Debug|Any CPU.ActiveCfg = Debug|Any CPU
		{368F8C11-C3E3-4505-8458-6BF37EEEF75E}.Debug|Any CPU.Build.0 = Debug|Any CPU
		{368F8C11-C3E3-4505-8458-6BF37EEEF75E}.Release|Any CPU.ActiveCfg = Release|Any CPU
		{368F8C11-C3E3-4505-8458-6BF37EEEF75E}.Release|Any CPU.Build.0 = Release|Any CPU
	EndGlobalSection
	GlobalSection(SolutionProperties) = preSolution
		HideSolutionNode = FALSE
	EndGlobalSection
EndGlobal
